
Microsoft Visual Studio Solution File, Format Version 12.00
# Visual Studio 15
VisualStudioVersion = 15.0.26430.16
MinimumVisualStudioVersion = 10.0.40219.1
Project("{FAE04EC0-301F-11D3-BF4B-00C04F79EFBC}") = "Wale.WinForm", "WindowAudioLoudnessEqualizer\Wale.WinForm.csproj", "{F8E000BB-D867-4FB1-B8A8-2D52347ED60D}"
EndProject
Project("{2150E333-8FDC-42A3-9474-1A3956D46DE8}") = "Solution Items", "Solution Items", "{B7592C46-187C-45A4-B43D-95ABD62BFC09}"
	ProjectSection(SolutionItems) = preProject
		Performance1.psess = Performance1.psess
		Performance2.psess = Performance2.psess
	EndProjectSection
EndProject
Project("{FAE04EC0-301F-11D3-BF4B-00C04F79EFBC}") = "Wale.Subclasses", "Wale.Subclasses\Wale.Subclasses.csproj", "{FC52A648-3E05-47FD-8D6D-5C1222FF62B4}"
EndProject
Project("{FAE04EC0-301F-11D3-BF4B-00C04F79EFBC}") = "JDPack", "JLdebPack\JDPack.csproj", "{8D37648E-0B49-41CC-886A-5B373A7B3A58}"
EndProject
Global
	GlobalSection(SolutionConfigurationPlatforms) = preSolution
		Debug|Any CPU = Debug|Any CPU
		Release|Any CPU = Release|Any CPU
	EndGlobalSection
	GlobalSection(ProjectConfigurationPlatforms) = postSolution
		{F8E000BB-D867-4FB1-B8A8-2D52347ED60D}.Debug|Any CPU.ActiveCfg = Debug|Any CPU
		{F8E000BB-D867-4FB1-B8A8-2D52347ED60D}.Debug|Any CPU.Build.0 = Debug|Any CPU
		{F8E000BB-D867-4FB1-B8A8-2D52347ED60D}.Release|Any CPU.ActiveCfg = Release|Any CPU
		{F8E000BB-D867-4FB1-B8A8-2D52347ED60D}.Release|Any CPU.Build.0 = Release|Any CPU
		{FC52A648-3E05-47FD-8D6D-5C1222FF62B4}.Debug|Any CPU.ActiveCfg = Debug|Any CPU
		{FC52A648-3E05-47FD-8D6D-5C1222FF62B4}.Debug|Any CPU.Build.0 = Debug|Any CPU
		{FC52A648-3E05-47FD-8D6D-5C1222FF62B4}.Release|Any CPU.ActiveCfg = Release|Any CPU
		{FC52A648-3E05-47FD-8D6D-5C1222FF62B4}.Release|Any CPU.Build.0 = Release|Any CPU
		{8D37648E-0B49-41CC-886A-5B373A7B3A58}.Debug|Any CPU.ActiveCfg = Debug|Any CPU
		{8D37648E-0B49-41CC-886A-5B373A7B3A58}.Debug|Any CPU.Build.0 = Debug|Any CPU
		{8D37648E-0B49-41CC-886A-5B373A7B3A58}.Release|Any CPU.ActiveCfg = Release|Any CPU
		{8D37648E-0B49-41CC-886A-5B373A7B3A58}.Release|Any CPU.Build.0 = Release|Any CPU
	EndGlobalSection
	GlobalSection(SolutionProperties) = preSolution
		HideSolutionNode = FALSE
	EndGlobalSection
	GlobalSection(Performance) = preSolution
		HasPerformanceSessions = true
	EndGlobalSection
	GlobalSection(Performance) = preSolution
		HasPerformanceSessions = true
	EndGlobalSection
EndGlobal
