
Microsoft Visual Studio Solution File, Format Version 12.00
# Visual Studio 15
VisualStudioVersion = 15.0.26730.12
MinimumVisualStudioVersion = 10.0.40219.1
Project("{2150E333-8FDC-42A3-9474-1A3956D46DE8}") = "Solution Items", "Solution Items", "{B7592C46-187C-45A4-B43D-95ABD62BFC09}"
	ProjectSection(SolutionItems) = preProject
		Performance1.psess = Performance1.psess
		Performance2.psess = Performance2.psess
	EndProjectSection
EndProject
Project("{FAE04EC0-301F-11D3-BF4B-00C04F79EFBC}") = "Wale.CoreAudio", "Wale.Subclasses\Wale.CoreAudio.csproj", "{FC52A648-3E05-47FD-8D6D-5C1222FF62B4}"
EndProject
Project("{FAE04EC0-301F-11D3-BF4B-00C04F79EFBC}") = "Wale", "Wale\Wale.csproj", "{88D9419D-58B9-4B5C-BE56-9762BAE0C670}"
EndProject
Project("{930C7802-8A8C-48F9-8165-68863BCCD9DD}") = "WaleSetup", "WaleSetup\WaleSetup.wixproj", "{49777F8D-857B-4285-9C05-7CAD964A62D6}"
EndProject
Project("{FAE04EC0-301F-11D3-BF4B-00C04F79EFBC}") = "Wale.WPF", "Wale.WPF\Wale.WPF.csproj", "{C3F50D2F-2CE1-4828-870B-45F3D4F0B44F}"
EndProject
Project("{FAE04EC0-301F-11D3-BF4B-00C04F79EFBC}") = "EqualizerTest", "EqualizerTest\EqualizerTest.csproj", "{818CB3C8-F49B-42A0-BA0B-7A8615F7B4A8}"
EndProject
Project("{FAE04EC0-301F-11D3-BF4B-00C04F79EFBC}") = "TestProjects", "TestProjects\TestProjects.csproj", "{513DE6CE-83E4-4084-B75D-6DAF43C6D2A1}"
EndProject
Global
	GlobalSection(SolutionConfigurationPlatforms) = preSolution
		Debug|Any CPU = Debug|Any CPU
		Debug|x86 = Debug|x86
		Release|Any CPU = Release|Any CPU
		Release|x86 = Release|x86
	EndGlobalSection
	GlobalSection(ProjectConfigurationPlatforms) = postSolution
		{FC52A648-3E05-47FD-8D6D-5C1222FF62B4}.Debug|Any CPU.ActiveCfg = Debug|Any CPU
		{FC52A648-3E05-47FD-8D6D-5C1222FF62B4}.Debug|Any CPU.Build.0 = Debug|Any CPU
		{FC52A648-3E05-47FD-8D6D-5C1222FF62B4}.Debug|x86.ActiveCfg = Debug|Any CPU
		{FC52A648-3E05-47FD-8D6D-5C1222FF62B4}.Debug|x86.Build.0 = Debug|Any CPU
		{FC52A648-3E05-47FD-8D6D-5C1222FF62B4}.Release|Any CPU.ActiveCfg = Release|Any CPU
		{FC52A648-3E05-47FD-8D6D-5C1222FF62B4}.Release|Any CPU.Build.0 = Release|Any CPU
		{FC52A648-3E05-47FD-8D6D-5C1222FF62B4}.Release|x86.ActiveCfg = Release|Any CPU
		{FC52A648-3E05-47FD-8D6D-5C1222FF62B4}.Release|x86.Build.0 = Release|Any CPU
		{88D9419D-58B9-4B5C-BE56-9762BAE0C670}.Debug|Any CPU.ActiveCfg = Debug|Any CPU
		{88D9419D-58B9-4B5C-BE56-9762BAE0C670}.Debug|Any CPU.Build.0 = Debug|Any CPU
		{88D9419D-58B9-4B5C-BE56-9762BAE0C670}.Debug|x86.ActiveCfg = Debug|Any CPU
		{88D9419D-58B9-4B5C-BE56-9762BAE0C670}.Debug|x86.Build.0 = Debug|Any CPU
		{88D9419D-58B9-4B5C-BE56-9762BAE0C670}.Release|Any CPU.ActiveCfg = Release|Any CPU
		{88D9419D-58B9-4B5C-BE56-9762BAE0C670}.Release|Any CPU.Build.0 = Release|Any CPU
		{88D9419D-58B9-4B5C-BE56-9762BAE0C670}.Release|x86.ActiveCfg = Release|Any CPU
		{88D9419D-58B9-4B5C-BE56-9762BAE0C670}.Release|x86.Build.0 = Release|Any CPU
		{49777F8D-857B-4285-9C05-7CAD964A62D6}.Debug|Any CPU.ActiveCfg = Debug|x86
		{49777F8D-857B-4285-9C05-7CAD964A62D6}.Debug|x86.ActiveCfg = Debug|x86
		{49777F8D-857B-4285-9C05-7CAD964A62D6}.Debug|x86.Build.0 = Debug|x86
		{49777F8D-857B-4285-9C05-7CAD964A62D6}.Release|Any CPU.ActiveCfg = Release|x86
		{49777F8D-857B-4285-9C05-7CAD964A62D6}.Release|x86.ActiveCfg = Release|x86
		{49777F8D-857B-4285-9C05-7CAD964A62D6}.Release|x86.Build.0 = Release|x86
		{C3F50D2F-2CE1-4828-870B-45F3D4F0B44F}.Debug|Any CPU.ActiveCfg = Debug|Any CPU
		{C3F50D2F-2CE1-4828-870B-45F3D4F0B44F}.Debug|Any CPU.Build.0 = Debug|Any CPU
		{C3F50D2F-2CE1-4828-870B-45F3D4F0B44F}.Debug|x86.ActiveCfg = Debug|Any CPU
		{C3F50D2F-2CE1-4828-870B-45F3D4F0B44F}.Debug|x86.Build.0 = Debug|Any CPU
		{C3F50D2F-2CE1-4828-870B-45F3D4F0B44F}.Release|Any CPU.ActiveCfg = Release|Any CPU
		{C3F50D2F-2CE1-4828-870B-45F3D4F0B44F}.Release|Any CPU.Build.0 = Release|Any CPU
		{C3F50D2F-2CE1-4828-870B-45F3D4F0B44F}.Release|x86.ActiveCfg = Release|Any CPU
		{C3F50D2F-2CE1-4828-870B-45F3D4F0B44F}.Release|x86.Build.0 = Release|Any CPU
		{818CB3C8-F49B-42A0-BA0B-7A8615F7B4A8}.Debug|Any CPU.ActiveCfg = Debug|Any CPU
		{818CB3C8-F49B-42A0-BA0B-7A8615F7B4A8}.Debug|Any CPU.Build.0 = Debug|Any CPU
		{818CB3C8-F49B-42A0-BA0B-7A8615F7B4A8}.Debug|x86.ActiveCfg = Debug|Any CPU
		{818CB3C8-F49B-42A0-BA0B-7A8615F7B4A8}.Debug|x86.Build.0 = Debug|Any CPU
		{818CB3C8-F49B-42A0-BA0B-7A8615F7B4A8}.Release|Any CPU.ActiveCfg = Release|Any CPU
		{818CB3C8-F49B-42A0-BA0B-7A8615F7B4A8}.Release|Any CPU.Build.0 = Release|Any CPU
		{818CB3C8-F49B-42A0-BA0B-7A8615F7B4A8}.Release|x86.ActiveCfg = Release|Any CPU
		{818CB3C8-F49B-42A0-BA0B-7A8615F7B4A8}.Release|x86.Build.0 = Release|Any CPU
		{513DE6CE-83E4-4084-B75D-6DAF43C6D2A1}.Debug|Any CPU.ActiveCfg = Debug|Any CPU
		{513DE6CE-83E4-4084-B75D-6DAF43C6D2A1}.Debug|Any CPU.Build.0 = Debug|Any CPU
		{513DE6CE-83E4-4084-B75D-6DAF43C6D2A1}.Debug|x86.ActiveCfg = Debug|Any CPU
		{513DE6CE-83E4-4084-B75D-6DAF43C6D2A1}.Debug|x86.Build.0 = Debug|Any CPU
		{513DE6CE-83E4-4084-B75D-6DAF43C6D2A1}.Release|Any CPU.ActiveCfg = Release|Any CPU
		{513DE6CE-83E4-4084-B75D-6DAF43C6D2A1}.Release|Any CPU.Build.0 = Release|Any CPU
		{513DE6CE-83E4-4084-B75D-6DAF43C6D2A1}.Release|x86.ActiveCfg = Release|Any CPU
		{513DE6CE-83E4-4084-B75D-6DAF43C6D2A1}.Release|x86.Build.0 = Release|Any CPU
	EndGlobalSection
	GlobalSection(SolutionProperties) = preSolution
		HideSolutionNode = FALSE
	EndGlobalSection
	GlobalSection(ExtensibilityGlobals) = postSolution
		SolutionGuid = {5F821F63-0DCD-4864-9A58-D59641A145A1}
	EndGlobalSection
	GlobalSection(Performance) = preSolution
		HasPerformanceSessions = true
	EndGlobalSection
	GlobalSection(Performance) = preSolution
		HasPerformanceSessions = true
	EndGlobalSection
EndGlobal
